{
  "name": "@sswroom/leaflet-drawtext",
  "version": "1.0.0",
  "lockfileVersion": 3,
  "requires": true,
  "packages": {
    "": {
      "name": "@sswroom/leaflet-drawtext",
      "version": "1.0.0",
      "dependencies": {
        "@sswroom/sswr": "^1.2.3"
      }
    },
    "node_modules/@sswroom/sswr": {
      "version": "1.2.3",
      "resolved": "https://registry.npmjs.org/@sswroom/sswr/-/sswr-1.2.3.tgz",
      "integrity": "sha512-CvZPNku8RD7vWLtqklSF1FYJco7w4bvXU0zw3Dwt3cBgiiYbStQaXf6UE1eHCTwjnj1slLHO+9IQgVRKylh+Vw=="
    }
  }
}
